PODS:
  - AFNetworking (3.2.1):
    - AFNetworking/NSURLSession (= 3.2.1)
    - AFNetworking/Reachability (= 3.2.1)
    - AFNetworking/Security (= 3.2.1)
    - AFNetworking/Serialization (= 3.2.1)
    - AFNetworking/UIKit (= 3.2.1)
  - AFNetworking/NSURLSession (3.2.1):
    - AFNetworking/Reachability
    - AFNetworking/Security
    - AFNetworking/Serialization
  - AFNetworking/Reachability (3.2.1)
  - AFNetworking/Security (3.2.1)
  - AFNetworking/Serialization (3.2.1)
  - AFNetworking/UIKit (3.2.1):
    - AFNetworking/NSURLSession
  - FBSnapshotTestCase (2.1.4):
    - FBSnapshotTestCase/SwiftSupport (= 2.1.4)
  - FBSnapshotTestCase/Core (2.1.4)
  - FBSnapshotTestCase/SwiftSupport (2.1.4):
    - FBSnapshotTestCase/Core
  - Masonry (1.1.0)
  - MJRefresh (3.3.1)
  - SDWebImage (5.4.0):
    - SDWebImage/Core (= 5.4.0)
  - SDWebImage/Core (5.4.0)
  - XNKit (1.1):
    - AFNetworking
    - Masonry
    - MJRefresh
    - SDWebImage
    - XNKit/Header (= 1.1)
    - XNKit/Utils (= 1.1)
    - XNKit/ViewController (= 1.1)
    - XNKit/Views (= 1.1)
    - XNProgressHUD
  - XNKit/Header (1.1):
    - AFNetworking
    - Masonry
    - MJRefresh
    - SDWebImage
    - XNProgressHUD
  - XNKit/Utils (1.1):
    - AFNetworking
    - Masonry
    - MJRefresh
    - SDWebImage
    - XNProgressHUD
  - XNKit/ViewController (1.1):
    - AFNetworking
    - Masonry
    - MJRefresh
    - SDWebImage
    - XNProgressHUD
  - XNKit/Views (1.1):
    - AFNetworking
    - Masonry
    - MJRefresh
    - SDWebImage
    - XNProgressHUD
  - XNProgressHUD (1.1.1)

DEPENDENCIES:
  - FBSnapshotTestCase
  - XNKit (from `../`)

SPEC REPOS:
  trunk:
    - AFNetworking
    - FBSnapshotTestCase
    - Masonry
    - MJRefresh
    - SDWebImage
    - XNProgressHUD

EXTERNAL SOURCES:
  XNKit:
    :path: "../"

SPEC CHECKSUMS:
  AFNetworking: b6f891fdfaed196b46c7a83cf209e09697b94057
  FBSnapshotTestCase: 094f9f314decbabe373b87cc339bea235a63e07a
  Masonry: 678fab65091a9290e40e2832a55e7ab731aad201
  MJRefresh: eeda70fbf0ad277f3178cef1cd0c3532591d6237
  SDWebImage: 5bf6aec6481ae2a062bdc59f9d6c1d1e552090e0
  XNKit: 92b1fb52e8fa30853691e96baec20f78f89e0620
  XNProgressHUD: 5b9a7f1a484af6db05af1463ae00a00b645c1468

PODFILE CHECKSUM: fda5c8f5c5f2e0775c75f4db459ecf0946ef2cc8

COCOAPODS: 1.8.4
